{
  "name": "@indra.ai/deva.police",
  "version": "0.9.1",
  "lockfileVersion": 3,
  "requires": true,
  "packages": {
    "": {
      "name": "@indra.ai/deva.police",
      "version": "0.9.1",
      "funding": [
        {
          "type": "paypal",
          "url": "https://paypal.me/rahulaclub"
        },
        {
          "type": "patreon",
          "url": "https://patreon.com/rahulaclub"
        }
      ],
      "license": "VLA:49217018009233197704 LICENSE.md",
      "dependencies": {
        "@indra.ai/deva": "^1.29.32"
      }
    },
    "node_modules/@indra.ai/deva": {
      "version": "1.29.32",
      "resolved": "https://registry.npmjs.org/@indra.ai/deva/-/deva-1.29.32.tgz",
      "integrity": "sha512-8nKual51wOLLMFfVbo22knWS1I3bHXceHHGUR+1tPYu3+rn7Yw8MjqKuL/oU8YUJXQc80J6IkEut1vDceWvE2g==",
      "funding": [
        {
          "type": "paypal",
          "url": "https://paypal.me/rahulaclub"
        },
        {
          "type": "patreon",
          "url": "https://patreon.com/rahulaclub"
        }
      ],
      "license": "VLA:38159520729793885324 LICENSE.md",
      "engines": {
        "node": ">=18.16.0",
        "npm": ">=9.5.1"
      }
    }
  }
}
