{
  "name": "@indra.ai/deva.police",
  "version": "0.11.0",
  "lockfileVersion": 3,
  "requires": true,
  "packages": {
    "": {
      "name": "@indra.ai/deva.police",
      "version": "0.11.0",
      "funding": [
        {
          "type": "paypal",
          "url": "https://paypal.me/rahulaclub"
        },
        {
          "type": "patreon",
          "url": "https://patreon.com/rahulaclub"
        }
      ],
      "license": "VLA:42416701409728013707 LICENSE.md",
      "dependencies": {
        "@indra.ai/deva": "^1.30.2",
        "@indra.ai/deva.lvmpd": "^0.6.0"
      }
    },
    "node_modules/@indra.ai/deva": {
      "version": "1.30.2",
      "resolved": "https://registry.npmjs.org/@indra.ai/deva/-/deva-1.30.2.tgz",
      "integrity": "sha512-pmPEFYreNt5fGukIL1ZKj/fd1OqVr+y+rqi+TZSojYZgtuArLUfX2qemi0lx04+ROfZUNb7n3h2vdjOSRuA0ow==",
      "funding": [
        {
          "type": "paypal",
          "url": "https://paypal.me/rahulaclub"
        },
        {
          "type": "patreon",
          "url": "https://patreon.com/rahulaclub"
        }
      ],
      "license": "VLA:38159520729793885324 LICENSE.md",
      "engines": {
        "node": ">=18.16.0",
        "npm": ">=9.5.1"
      }
    },
    "node_modules/@indra.ai/deva.lvmpd": {
      "version": "0.6.0",
      "resolved": "https://registry.npmjs.org/@indra.ai/deva.lvmpd/-/deva.lvmpd-0.6.0.tgz",
      "integrity": "sha512-cEcfu7X3EZUAa1/eVu+B5U0umkYnma00z8hJWxwv+4lWEaV+yCN7r7Cx1l1qeycoUSEs4e6EF2vYO5yCbyDs7w==",
      "funding": [
        {
          "type": "paypal",
          "url": "https://paypal.me/rahulaclub"
        },
        {
          "type": "patreon",
          "url": "https://patreon.com/rahulaclub"
        }
      ],
      "license": "VLA:13164387892946093282 LICENSE.md",
      "dependencies": {
        "@indra.ai/deva": "^1.30.2"
      }
    }
  }
}
